{
  "object": {
    "pins": [
      {
        "package": "PINCache",
        "repositoryURL": "https://github.com/pinterest/PINCache.git",
        "state": {
          "branch": "master",
          "revision": "a16dae6cec4897a7a9710239e0cb50b6de935e7b",
          "version": null
        }
      },
      {
        "package": "PINOperation",
        "repositoryURL": "https://github.com/pinterest/PINOperation.git",
        "state": {
          "branch": null,
          "revision": "44d8ca154a4e75a028a5548c31ff3a53b90cef15",
          "version": "1.2.1"
        }
      }
    ]
  },
  "version": 1
}
